// !$*UTF8*$!
{
	archiveVersion = 1;
	classes = {
	};
	objectVersion = 55;
	objects = {

/* Begin PBXBuildFile section */
		049F0DF32812CA9300A4CD07 /* UbbrApp.swift in Sources */ = {isa = PBXBuildFile; fileRef = 049F0DF22812CA9300A4CD07 /* UbbrApp.swift */; };
		049F0DF52812CA9300A4CD07 /* ContentView.swift in Sources */ = {isa = PBXBuildFile; fileRef = 049F0DF42812CA9300A4CD07 /* ContentView.swift */; };
		049F0DF72812CA9500A4CD07 /* Assets.xcassets in Resources */ = {isa = PBXBuildFile; fileRef = 049F0DF62812CA9500A4CD07 /* Assets.xcassets */; };
		049F0DFA2812CA9500A4CD07 /* Preview Assets.xcassets in Resources */ = {isa = PBXBuildFile; fileRef = 049F0DF92812CA9500A4CD07 /* Preview Assets.xcassets */; };
		049F0E042812CA9600A4CD07 /* UbbrTests.swift in Sources */ = {isa = PBXBuildFile; fileRef = 049F0E032812CA9600A4CD07 /* UbbrTests.swift */; };
		049F0E0E2812CA9600A4CD07 /* UbbrUITests.swift in Sources */ = {isa = PBXBuildFile; fileRef = 049F0E0D2812CA9600A4CD07 /* UbbrUITests.swift */; };
		049F0E102812CA9600A4CD07 /* UbbrUITestsLaunchTests.swift in Sources */ = {isa = PBXBuildFile; fileRef = 049F0E0F2812CA9600A4CD07 /* UbbrUITestsLaunchTests.swift */; };
/* End PBXBuildFile section */

/* Begin PBXContainerItemProxy section */
		049F0E002812CA9600A4CD07 /* PBXContainerItemProxy */ = {
			isa = PBXContainerItemProxy;
			containerPortal = 049F0DE72812CA9300A4CD07 /* Project object */;
			proxyType = 1;
			remoteGlobalIDString = 049F0DEE2812CA9300A4CD07;
			remoteInfo = Ubbr;
		};
		049F0E0A2812CA9600A4CD07 /* PBXContainerItemProxy */ = {
			isa = PBXContainerItemProxy;
			containerPortal = 049F0DE72812CA9300A4CD07 /* Project object */;
			proxyType = 1;
			remoteGlobalIDString = 049F0DEE2812CA9300A4CD07;
			remoteInfo = Ubbr;
		};
/* End PBXContainerItemProxy section */

/* Begin PBXFileReference section */
		049F0DEF2812CA9300A4CD07 /* Ubbr.app */ = {isa = PBXFileReference; explicitFileType = wrapper.application; includeInIndex = 0; path = Ubbr.app; sourceTree = BUILT_PRODUCTS_DIR; };
		049F0DF22812CA9300A4CD07 /* UbbrApp.swift */ = {isa = PBXFileReference; lastKnownFileType = sourcecode.swift; path = UbbrApp.swift; sourceTree = "<group>"; };
		049F0DF42812CA9300A4CD07 /* ContentView.swift */ = {isa = PBXFileReference; lastKnownFileType = sourcecode.swift; path = ContentView.swift; sourceTree = "<group>"; };
		049F0DF62812CA9500A4CD07 /* Assets.xcassets */ = {isa = PBXFileReference; lastKnownFileType = folder.assetcatalog; path = Assets.xcassets; sourceTree = "<group>"; };
		049F0DF92812CA9500A4CD07 /* Preview Assets.xcassets */ = {isa = PBXFileReference; lastKnownFileType = folder.assetcatalog; path = "Preview Assets.xcassets"; sourceTree = "<group>"; };
		049F0DFF2812CA9600A4CD07 /* UbbrTests.xctest */ = {isa = PBXFileReference; explicitFileType = wrapper.cfbundle; includeInIndex = 0; path = UbbrTests.xctest; sourceTree = BUILT_PRODUCTS_DIR; };
		049F0E032812CA9600A4CD07 /* UbbrTests.swift */ = {isa = PBXFileReference; lastKnownFileType = sourcecode.swift; path = UbbrTests.swift; sourceTree = "<group>"; };
		049F0E092812CA9600A4CD07 /* UbbrUITests.xctest */ = {isa = PBXFileReference; explicitFileType = wrapper.cfbundle; includeInIndex = 0; path = UbbrUITests.xctest; sourceTree = BUILT_PRODUCTS_DIR; };
		049F0E0D2812CA9600A4CD07 /* UbbrUITests.swift */ = {isa = PBXFileReference; lastKnownFileType = sourcecode.swift; path = UbbrUITests.swift; sourceTree = "<group>"; };
		049F0E0F2812CA9600A4CD07 /* UbbrUITestsLaunchTests.swift */ = {isa = PBXFileReference; lastKnownFileType = sourcecode.swift; path = UbbrUITestsLaunchTests.swift; sourceTree = "<group>"; };
/* End PBXFileReference section */

/* Begin PBXFrameworksBuildPhase section */
		049F0DEC2812CA9300A4CD07 /* Frameworks */ = {
			isa = PBXFrameworksBuildPhase;
			buildActionMask = 2147483647;
			files = (
			);
			runOnlyForDeploymentPostprocessing = 0;
		};
		049F0DFC2812CA9600A4CD07 /* Frameworks */ = {
			isa = PBXFrameworksBuildPhase;
			buildActionMask = 2147483647;
			files = (
			);
			runOnlyForDeploymentPostprocessing = 0;
		};
		049F0E062812CA9600A4CD07 /* Frameworks */ = {
			isa = PBXFrameworksBuildPhase;
			buildActionMask = 2147483647;
			files = (
			);
			runOnlyForDeploymentPostprocessing = 0;
		};
/* End PBXFrameworksBuildPhase section */

/* Begin PBXGroup section */
		049F0DE62812CA9300A4CD07 = {
			isa = PBXGroup;
			children = (
				049F0DF12812CA9300A4CD07 /* Ubbr */,
				049F0E022812CA9600A4CD07 /* UbbrTests */,
				049F0E0C2812CA9600A4CD07 /* UbbrUITests */,
				049F0DF02812CA9300A4CD07 /* Products */,
			);
			sourceTree = "<group>";
		};
		049F0DF02812CA9300A4CD07 /* Products */ = {
			isa = PBXGroup;
			children = (
				049F0DEF2812CA9300A4CD07 /* Ubbr.app */,
				049F0DFF2812CA9600A4CD07 /* UbbrTests.xctest */,
				049F0E092812CA9600A4CD07 /* UbbrUITests.xctest */,
			);
			name = Products;
			sourceTree = "<group>";
		};
		049F0DF12812CA9300A4CD07 /* Ubbr */ = {
			isa = PBXGroup;
			children = (
				049F0DF22812CA9300A4CD07 /* UbbrApp.swift */,
				049F0DF42812CA9300A4CD07 /* ContentView.swift */,
				049F0DF62812CA9500A4CD07 /* Assets.xcassets */,
				049F0DF82812CA9500A4CD07 /* Preview Content */,
			);
			path = Ubbr;
			sourceTree = "<group>";
		};
		049F0DF82812CA9500A4CD07 /* Preview Content */ = {
			isa = PBXGroup;
			children = (
				049F0DF92812CA9500A4CD07 /* Preview Assets.xcassets */,
			);
			path = "Preview Content";
			sourceTree = "<group>";
		};
		049F0E022812CA9600A4CD07 /* UbbrTests */ = {
			isa = PBXGroup;
			children = (
				049F0E032812CA9600A4CD07 /* UbbrTests.swift */,
			);
			path = UbbrTests;
			sourceTree = "<group>";
		};
		049F0E0C2812CA9600A4CD07 /* UbbrUITests */ = {
			isa = PBXGroup;
			children = (
				049F0E0D2812CA9600A4CD07 /* UbbrUITests.swift */,
				049F0E0F2812CA9600A4CD07 /* UbbrUITestsLaunchTests.swift */,
			);
			path = UbbrUITests;
			sourceTree = "<group>";
		};
/* End PBXGroup section */

/* Begin PBXNativeTarget section */
		049F0DEE2812CA9300A4CD07 /* Ubbr */ = {
			isa = PBXNativeTarget;
			buildConfigurationList = 049F0E132812CA9600A4CD07 /* Build configuration list for PBXNativeTarget "Ubbr" */;
			buildPhases = (
				049F0DEB2812CA9300A4CD07 /* Sources */,
				049F0DEC2812CA9300A4CD07 /* Frameworks */,
				049F0DED2812CA9300A4CD07 /* Resources */,
			);
			buildRules = (
			);
			dependencies = (
			);
			name = Ubbr;
			productName = Ubbr;
			productReference = 049F0DEF2812CA9300A4CD07 /* Ubbr.app */;
			productType = "com.apple.product-type.application";
		};
		049F0DFE2812CA9600A4CD07 /* UbbrTests */ = {
			isa = PBXNativeTarget;
			buildConfigurationList = 049F0E162812CA9600A4CD07 /* Build configuration list for PBXNativeTarget "UbbrTests" */;
			buildPhases = (
				049F0DFB2812CA9600A4CD07 /* Sources */,
				049F0DFC2812CA9600A4CD07 /* Frameworks */,
				049F0DFD2812CA9600A4CD07 /* Resources */,
			);
			buildRules = (
			);
			dependencies = (
				049F0E012812CA9600A4CD07 /* PBXTargetDependency */,
			);
			name = UbbrTests;
			productName = UbbrTests;
			productReference = 049F0DFF2812CA9600A4CD07 /* UbbrTests.xctest */;
			productType = "com.apple.product-type.bundle.unit-test";
		};
		049F0E082812CA9600A4CD07 /* UbbrUITests */ = {
			isa = PBXNativeTarget;
			buildConfigurationList = 049F0E192812CA9600A4CD07 /* Build configuration list for PBXNativeTarget "UbbrUITests" */;
			buildPhases = (
				049F0E052812CA9600A4CD07 /* Sources */,
				049F0E062812CA9600A4CD07 /* Frameworks */,
				049F0E072812CA9600A4CD07 /* Resources */,
			);
			buildRules = (
			);
			dependencies = (
				049F0E0B2812CA9600A4CD07 /* PBXTargetDependency */,
			);
			name = UbbrUITests;
			productName = UbbrUITests;
			productReference = 049F0E092812CA9600A4CD07 /* UbbrUITests.xctest */;
			productType = "com.apple.product-type.bundle.ui-testing";
		};
/* End PBXNativeTarget section */

/* Begin PBXProject section */
		049F0DE72812CA9300A4CD07 /* Project object */ = {
			isa = PBXProject;
			attributes = {
				BuildIndependentTargetsInParallel = 1;
				LastSwiftUpdateCheck = 1330;
				LastUpgradeCheck = 1330;
				TargetAttributes = {
					049F0DEE2812CA9300A4CD07 = {
						CreatedOnToolsVersion = 13.3;
					};
					049F0DFE2812CA9600A4CD07 = {
						CreatedOnToolsVersion = 13.3;
						TestTargetID = 049F0DEE2812CA9300A4CD07;
					};
					049F0E082812CA9600A4CD07 = {
						CreatedOnToolsVersion = 13.3;
						TestTargetID = 049F0DEE2812CA9300A4CD07;
					};
				};
			};
			buildConfigurationList = 049F0DEA2812CA9300A4CD07 /* Build configuration list for PBXProject "Ubbr" */;
			compatibilityVersion = "Xcode 13.0";
			developmentRegion = en;
			hasScannedForEncodings = 0;
			knownRegions = (
				en,
				Base,
			);
			mainGroup = 049F0DE62812CA9300A4CD07;
			productRefGroup = 049F0DF02812CA9300A4CD07 /* Products */;
			projectDirPath = "";
			projectRoot = "";
			targets = (
				049F0DEE2812CA9300A4CD07 /* Ubbr */,
				049F0DFE2812CA9600A4CD07 /* UbbrTests */,
				049F0E082812CA9600A4CD07 /* UbbrUITests */,
			);
		};
/* End PBXProject section */

/* Begin PBXResourcesBuildPhase section */
		049F0DED2812CA9300A4CD07 /* Resources */ = {
			isa = PBXResourcesBuildPhase;
			buildActionMask = 2147483647;
			files = (
				049F0DFA2812CA9500A4CD07 /* Preview Assets.xcassets in Resources */,
				049F0DF72812CA9500A4CD07 /* Assets.xcassets in Resources */,
			);
			runOnlyForDeploymentPostprocessing = 0;
		};
		049F0DFD2812CA9600A4CD07 /* Resources */ = {
			isa = PBXResourcesBuildPhase;
			buildActionMask = 2147483647;
			files = (
			);
			runOnlyForDeploymentPostprocessing = 0;
		};
		049F0E072812CA9600A4CD07 /* Resources */ = {
			isa = PBXResourcesBuildPhase;
			buildActionMask = 2147483647;
			files = (
			);
			runOnlyForDeploymentPostprocessing = 0;
		};
/* End PBXResourcesBuildPhase section */

/* Begin PBXSourcesBuildPhase section */
		049F0DEB2812CA9300A4CD07 /* Sources */ = {
			isa = PBXSourcesBuildPhase;
			buildActionMask = 2147483647;
			files = (
				049F0DF52812CA9300A4CD07 /* ContentView.swift in Sources */,
				049F0DF32812CA9300A4CD07 /* UbbrApp.swift in Sources */,
			);
			runOnlyForDeploymentPostprocessing = 0;
		};
		049F0DFB2812CA9600A4CD07 /* Sources */ = {
			isa = PBXSourcesBuildPhase;
			buildActionMask = 2147483647;
			files = (
				049F0E042812CA9600A4CD07 /* UbbrTests.swift in Sources */,
			);
			runOnlyForDeploymentPostprocessing = 0;
		};
		049F0E052812CA9600A4CD07 /* Sources */ = {
			isa = PBXSourcesBuildPhase;
			buildActionMask = 2147483647;
			files = (
				049F0E0E2812CA9600A4CD07 /* UbbrUITests.swift in Sources */,
				049F0E102812CA9600A4CD07 /* UbbrUITestsLaunchTests.swift in Sources */,
			);
			runOnlyForDeploymentPostprocessing = 0;
		};
/* End PBXSourcesBuildPhase section */

/* Begin PBXTargetDependency section */
		049F0E012812CA9600A4CD07 /* PBXTargetDependency */ = {
			isa = PBXTargetDependency;
			target = 049F0DEE2812CA9300A4CD07 /* Ubbr */;
			targetProxy = 049F0E002812CA9600A4CD07 /* PBXContainerItemProxy */;
		};
		049F0E0B2812CA9600A4CD07 /* PBXTargetDependency */ = {
			isa = PBXTargetDependency;
			target = 049F0DEE2812CA9300A4CD07 /* Ubbr */;
			targetProxy = 049F0E0A2812CA9600A4CD07 /* PBXContainerItemProxy */;
		};
/* End PBXTargetDependency section */

/* Begin XCBuildConfiguration section */
		049F0E112812CA9600A4CD07 /* Debug */ = {
			isa = XCBuildConfiguration;
			buildSettings = {
				ALWAYS_SEARCH_USER_PATHS = NO;
				CLANG_ANALYZER_NONNULL = YES;
				CLANG_ANALYZER_NUMBER_OBJECT_CONVERSION = YES_AGGRESSIVE;
				CLANG_CXX_LANGUAGE_STANDARD = "gnu++17";
				CLANG_ENABLE_MODULES = YES;
				CLANG_ENABLE_OBJC_ARC = YES;
				CLANG_ENABLE_OBJC_WEAK = YES;
				CLANG_WARN_BLOCK_CAPTURE_AUTORELEASING = YES;
				CLANG_WARN_BOOL_CONVERSION = YES;
				CLANG_WARN_COMMA = YES;
				CLANG_WARN_CONSTANT_CONVERSION = YES;
				CLANG_WARN_DEPRECATED_OBJC_IMPLEMENTATIONS = YES;
				CLANG_WARN_DIRECT_OBJC_ISA_USAGE = YES_ERROR;
				CLANG_WARN_DOCUMENTATION_COMMENTS = YES;
				CLANG_WARN_EMPTY_BODY = YES;
				CLANG_WARN_ENUM_CONVERSION = YES;
				CLANG_WARN_INFINITE_RECURSION = YES;
				CLANG_WARN_INT_CONVERSION = YES;
				CLANG_WARN_NON_LITERAL_NULL_CONVERSION = YES;
				CLANG_WARN_OBJC_IMPLICIT_RETAIN_SELF = YES;
				CLANG_WARN_OBJC_LITERAL_CONVERSION = YES;
				CLANG_WARN_OBJC_ROOT_CLASS = YES_ERROR;
				CLANG_WARN_QUOTED_INCLUDE_IN_FRAMEWORK_HEADER = YES;
				CLANG_WARN_RANGE_LOOP_ANALYSIS = YES;
				CLANG_WARN_STRICT_PROTOTYPES = YES;
				CLANG_WARN_SUSPICIOUS_MOVE = YES;
				CLANG_WARN_UNGUARDED_AVAILABILITY = YES_AGGRESSIVE;
				CLANG_WARN_UNREACHABLE_CODE = YES;
				CLANG_WARN__DUPLICATE_METHOD_MATCH = YES;
				COPY_PHASE_STRIP = NO;
				DEBUG_INFORMATION_FORMAT = dwarf;
				ENABLE_STRICT_OBJC_MSGSEND = YES;
				ENABLE_TESTABILITY = YES;
				GCC_C_LANGUAGE_STANDARD = gnu11;
				GCC_DYNAMIC_NO_PIC = NO;
				GCC_NO_COMMON_BLOCKS = YES;
				GCC_OPTIMIZATION_LEVEL = 0;
				GCC_PREPROCESSOR_DEFINITIONS = (
					"DEBUG=1",
					"$(inherited)",
				);
				GCC_WARN_64_TO_32_BIT_CONVERSION = YES;
				GCC_WARN_ABOUT_RETURN_TYPE = YES_ERROR;
				GCC_WARN_UNDECLARED_SELECTOR = YES;
				GCC_WARN_UNINITIALIZED_AUTOS = YES_AGGRESSIVE;
				GCC_WARN_UNUSED_FUNCTION = YES;
				GCC_WARN_UNUSED_VARIABLE = YES;
				IPHONEOS_DEPLOYMENT_TARGET = 15.4;
				MTL_ENABLE_DEBUG_INFO = INCLUDE_SOURCE;
				MTL_FAST_MATH = YES;
				ONLY_ACTIVE_ARCH = YES;
				SDKROOT = iphoneos;
				SWIFT_ACTIVE_COMPILATION_CONDITIONS = DEBUG;
				SWIFT_OPTIMIZATION_LEVEL = "-Onone";
			};
			name = Debug;
		};
		049F0E122812CA9600A4CD07 /* Release */ = {
			isa = XCBuildConfiguration;
			buildSettings = {
				ALWAYS_SEARCH_USER_PATHS = NO;
				CLANG_ANALYZER_NONNULL = YES;
				CLANG_ANALYZER_NUMBER_OBJECT_CONVERSION = YES_AGGRESSIVE;
				CLANG_CXX_LANGUAGE_STANDARD = "gnu++17";
				CLANG_ENABLE_MODULES = YES;
				CLANG_ENABLE_OBJC_ARC = YES;
				CLANG_ENABLE_OBJC_WEAK = YES;
				CLANG_WARN_BLOCK_CAPTURE_AUTORELEASING = YES;
				CLANG_WARN_BOOL_CONVERSION = YES;
				CLANG_WARN_COMMA = YES;
				CLANG_WARN_CONSTANT_CONVERSION = YES;
				CLANG_WARN_DEPRECATED_OBJC_IMPLEMENTATIONS = YES;
				CLANG_WARN_DIRECT_OBJC_ISA_USAGE = YES_ERROR;
				CLANG_WARN_DOCUMENTATION_COMMENTS = YES;
				CLANG_WARN_EMPTY_BODY = YES;
				CLANG_WARN_ENUM_CONVERSION = YES;
				CLANG_WARN_INFINITE_RECURSION = YES;
				CLANG_WARN_INT_CONVERSION = YES;
				CLANG_WARN_NON_LITERAL_NULL_CONVERSION = YES;
				CLANG_WARN_OBJC_IMPLICIT_RETAIN_SELF = YES;
				CLANG_WARN_OBJC_LITERAL_CONVERSION = YES;
				CLANG_WARN_OBJC_ROOT_CLASS = YES_ERROR;
				CLANG_WARN_QUOTED_INCLUDE_IN_FRAMEWORK_HEADER = YES;
				CLANG_WARN_RANGE_LOOP_ANALYSIS = YES;
				CLANG_WARN_STRICT_PROTOTYPES = YES;
				CLANG_WARN_SUSPICIOUS_MOVE = YES;
				CLANG_WARN_UNGUARDED_AVAILABILITY = YES_AGGRESSIVE;
				CLANG_WARN_UNREACHABLE_CODE = YES;
				CLANG_WARN__DUPLICATE_METHOD_MATCH = YES;
				COPY_PHASE_STRIP = NO;
				DEBUG_INFORMATION_FORMAT = "dwarf-with-dsym";
				ENABLE_NS_ASSERTIONS = NO;
				ENABLE_STRICT_OBJC_MSGSEND = YES;
				GCC_C_LANGUAGE_STANDARD = gnu11;
				GCC_NO_COMMON_BLOCKS = YES;
				GCC_WARN_64_TO_32_BIT_CONVERSION = YES;
				GCC_WARN_ABOUT_RETURN_TYPE = YES_ERROR;
				GCC_WARN_UNDECLARED_SELECTOR = YES;
				GCC_WARN_UNINITIALIZED_AUTOS = YES_AGGRESSIVE;
				GCC_WARN_UNUSED_FUNCTION = YES;
				GCC_WARN_UNUSED_VARIABLE = YES;
				IPHONEOS_DEPLOYMENT_TARGET = 15.4;
				MTL_ENABLE_DEBUG_INFO = NO;
				MTL_FAST_MATH = YES;
				SDKROOT = iphoneos;
				SWIFT_COMPILATION_MODE = wholemodule;
				SWIFT_OPTIMIZATION_LEVEL = "-O";
				VALIDATE_PRODUCT = YES;
			};
			name = Release;
		};
		049F0E142812CA9600A4CD07 /* Debug */ = {
			isa = XCBuildConfiguration;
			buildSettings = {
				ASSETCATALOG_COMPILER_APPICON_NAME = AppIcon;
				ASSETCATALOG_COMPILER_GLOBAL_ACCENT_COLOR_NAME = AccentColor;
				CODE_SIGN_STYLE = Automatic;
				CURRENT_PROJECT_VERSION = 1;
				DEVELOPMENT_ASSET_PATHS = "\"Ubbr/Preview Content\"";
				DEVELOPMENT_TEAM = D4359NLS7S;
				ENABLE_PREVIEWS = YES;
				GENERATE_INFOPLIST_FILE = YES;
				INFOPLIST_KEY_UIApplicationSceneManifest_Generation = YES;
				INFOPLIST_KEY_UIApplicationSupportsIndirectInputEvents = YES;
				INFOPLIST_KEY_UILaunchScreen_Generation = YES;
				INFOPLIST_KEY_UISupportedInterfaceOrientations_iPad = "UIInterfaceOrientationPortrait UIInterfaceOrientationPortraitUpsideDown UIInterfaceOrientationLandscapeLeft UIInterfaceOrientationLandscapeRight";
				INFOPLIST_KEY_UISupportedInterfaceOrientations_iPhone = "UIInterfaceOrientationPortrait UIInterfaceOrientationLandscapeLeft UIInterfaceOrientationLandscapeRight";
				LD_RUNPATH_SEARCH_PATHS = (
					"$(inherited)",
					"@executable_path/Frameworks",
				);
				MARKETING_VERSION = 1.0;
				PRODUCT_BUNDLE_IDENTIFIER = com.ymstudio.application.Ubbr;
				PRODUCT_NAME = "$(TARGET_NAME)";
				SWIFT_EMIT_LOC_STRINGS = YES;
				SWIFT_VERSION = 5.0;
				TARGETED_DEVICE_FAMILY = "1,2";
			};
			name = Debug;
		};
		049F0E152812CA9600A4CD07 /* Release */ = {
			isa = XCBuildConfiguration;
			buildSettings = {
				ASSETCATALOG_COMPILER_APPICON_NAME = AppIcon;
				ASSETCATALOG_COMPILER_GLOBAL_ACCENT_COLOR_NAME = AccentColor;
				CODE_SIGN_STYLE = Automatic;
				CURRENT_PROJECT_VERSION = 1;
				DEVELOPMENT_ASSET_PATHS = "\"Ubbr/Preview Content\"";
				DEVELOPMENT_TEAM = D4359NLS7S;
				ENABLE_PREVIEWS = YES;
				GENERATE_INFOPLIST_FILE = YES;
				INFOPLIST_KEY_UIApplicationSceneManifest_Generation = YES;
				INFOPLIST_KEY_UIApplicationSupportsIndirectInputEvents = YES;
				INFOPLIST_KEY_UILaunchScreen_Generation = YES;
				INFOPLIST_KEY_UISupportedInterfaceOrientations_iPad = "UIInterfaceOrientationPortrait UIInterfaceOrientationPortraitUpsideDown UIInterfaceOrientationLandscapeLeft UIInterfaceOrientationLandscapeRight";
				INFOPLIST_KEY_UISupportedInterfaceOrientations_iPhone = "UIInterfaceOrientationPortrait UIInterfaceOrientationLandscapeLeft UIInterfaceOrientationLandscapeRight";
				LD_RUNPATH_SEARCH_PATHS = (
					"$(inherited)",
					"@executable_path/Frameworks",
				);
				MARKETING_VERSION = 1.0;
				PRODUCT_BUNDLE_IDENTIFIER = com.ymstudio.application.Ubbr;
				PRODUCT_NAME = "$(TARGET_NAME)";
				SWIFT_EMIT_LOC_STRINGS = YES;
				SWIFT_VERSION = 5.0;
				TARGETED_DEVICE_FAMILY = "1,2";
			};
			name = Release;
		};
		049F0E172812CA9600A4CD07 /* Debug */ = {
			isa = XCBuildConfiguration;
			buildSettings = {
				ALWAYS_EMBED_SWIFT_STANDARD_LIBRARIES = YES;
				BUNDLE_LOADER = "$(TEST_HOST)";
				CODE_SIGN_STYLE = Automatic;
				CURRENT_PROJECT_VERSION = 1;
				DEVELOPMENT_TEAM = D4359NLS7S;
				GENERATE_INFOPLIST_FILE = YES;
				IPHONEOS_DEPLOYMENT_TARGET = 15.4;
				MARKETING_VERSION = 1.0;
				PRODUCT_BUNDLE_IDENTIFIER = com.ymstudio.application.UbbrTests;
				PRODUCT_NAME = "$(TARGET_NAME)";
				SWIFT_EMIT_LOC_STRINGS = NO;
				SWIFT_VERSION = 5.0;
				TARGETED_DEVICE_FAMILY = "1,2";
				TEST_HOST = "$(BUILT_PRODUCTS_DIR)/Ubbr.app/Ubbr";
			};
			name = Debug;
		};
		049F0E182812CA9600A4CD07 /* Release */ = {
			isa = XCBuildConfiguration;
			buildSettings = {
				ALWAYS_EMBED_SWIFT_STANDARD_LIBRARIES = YES;
				BUNDLE_LOADER = "$(TEST_HOST)";
				CODE_SIGN_STYLE = Automatic;
				CURRENT_PROJECT_VERSION = 1;
				DEVELOPMENT_TEAM = D4359NLS7S;
				GENERATE_INFOPLIST_FILE = YES;
				IPHONEOS_DEPLOYMENT_TARGET = 15.4;
				MARKETING_VERSION = 1.0;
				PRODUCT_BUNDLE_IDENTIFIER = com.ymstudio.application.UbbrTests;
				PRODUCT_NAME = "$(TARGET_NAME)";
				SWIFT_EMIT_LOC_STRINGS = NO;
				SWIFT_VERSION = 5.0;
				TARGETED_DEVICE_FAMILY = "1,2";
				TEST_HOST = "$(BUILT_PRODUCTS_DIR)/Ubbr.app/Ubbr";
			};
			name = Release;
		};
		049F0E1A2812CA9600A4CD07 /* Debug */ = {
			isa = XCBuildConfiguration;
			buildSettings = {
				ALWAYS_EMBED_SWIFT_STANDARD_LIBRARIES = YES;
				CODE_SIGN_STYLE = Automatic;
				CURRENT_PROJECT_VERSION = 1;
				DEVELOPMENT_TEAM = D4359NLS7S;
				GENERATE_INFOPLIST_FILE = YES;
				MARKETING_VERSION = 1.0;
				PRODUCT_BUNDLE_IDENTIFIER = com.ymstudio.application.UbbrUITests;
				PRODUCT_NAME = "$(TARGET_NAME)";
				SWIFT_EMIT_LOC_STRINGS = NO;
				SWIFT_VERSION = 5.0;
				TARGETED_DEVICE_FAMILY = "1,2";
				TEST_TARGET_NAME = Ubbr;
			};
			name = Debug;
		};
		049F0E1B2812CA9600A4CD07 /* Release */ = {
			isa = XCBuildConfiguration;
			buildSettings = {
				ALWAYS_EMBED_SWIFT_STANDARD_LIBRARIES = YES;
				CODE_SIGN_STYLE = Automatic;
				CURRENT_PROJECT_VERSION = 1;
				DEVELOPMENT_TEAM = D4359NLS7S;
				GENERATE_INFOPLIST_FILE = YES;
				MARKETING_VERSION = 1.0;
				PRODUCT_BUNDLE_IDENTIFIER = com.ymstudio.application.UbbrUITests;
				PRODUCT_NAME = "$(TARGET_NAME)";
				SWIFT_EMIT_LOC_STRINGS = NO;
				SWIFT_VERSION = 5.0;
				TARGETED_DEVICE_FAMILY = "1,2";
				TEST_TARGET_NAME = Ubbr;
			};
			name = Release;
		};
/* End XCBuildConfiguration section */

/* Begin XCConfigurationList section */
		049F0DEA2812CA9300A4CD07 /* Build configuration list for PBXProject "Ubbr" */ = {
			isa = XCConfigurationList;
			buildConfigurations = (
				049F0E112812CA9600A4CD07 /* Debug */,
				049F0E122812CA9600A4CD07 /* Release */,
			);
			defaultConfigurationIsVisible = 0;
			defaultConfigurationName = Release;
		};
		049F0E132812CA9600A4CD07 /* Build configuration list for PBXNativeTarget "Ubbr" */ = {
			isa = XCConfigurationList;
			buildConfigurations = (
				049F0E142812CA9600A4CD07 /* Debug */,
				049F0E152812CA9600A4CD07 /* Release */,
			);
			defaultConfigurationIsVisible = 0;
			defaultConfigurationName = Release;
		};
		049F0E162812CA9600A4CD07 /* Build configuration list for PBXNativeTarget "UbbrTests" */ = {
			isa = XCConfigurationList;
			buildConfigurations = (
				049F0E172812CA9600A4CD07 /* Debug */,
				049F0E182812CA9600A4CD07 /* Release */,
			);
			defaultConfigurationIsVisible = 0;
			defaultConfigurationName = Release;
		};
		049F0E192812CA9600A4CD07 /* Build configuration list for PBXNativeTarget "UbbrUITests" */ = {
			isa = XCConfigurationList;
			buildConfigurations = (
				049F0E1A2812CA9600A4CD07 /* Debug */,
				049F0E1B2812CA9600A4CD07 /* Release */,
			);
			defaultConfigurationIsVisible = 0;
			defaultConfigurationName = Release;
		};
/* End XCConfigurationList section */
	};
	rootObject = 049F0DE72812CA9300A4CD07 /* Project object */;
}
